// !$*UTF8*$!
{
	archiveVersion = 1;
	classes = {
	};
	objectVersion = 46;
	objects = {

/* Begin PBXBuildFile section */
		0DBEF18A1F95D0A00019A5C0 /* AppDelegate.swift in Sources */ = {isa = PBXBuildFile; fileRef = 0DBEF1891F95D0A00019A5C0 /* AppDelegate.swift */; };
		0DBEF18C1F95D0A00019A5C0 /* ViewController.swift in Sources */ = {isa = PBXBuildFile; fileRef = 0DBEF18B1F95D0A00019A5C0 /* ViewController.swift */; };
		0DBEF18E1F95D0A00019A5C0 /* Assets.xcassets in Resources */ = {isa = PBXBuildFile; fileRef = 0DBEF18D1F95D0A00019A5C0 /* Assets.xcassets */; };
		0DBEF1911F95D0A00019A5C0 /* Main.storyboard in Resources */ = {isa = PBXBuildFile; fileRef = 0DBEF18F1F95D0A00019A5C0 /* Main.storyboard */; };
		0DE41DCD1F970F8200AC2E89 /* PlacesList.swift in Sources */ = {isa = PBXBuildFile; fileRef = 0DE41DCC1F970F8200AC2E89 /* PlacesList.swift */; };
		0DE41DCF1F97127700AC2E89 /* Cities.swift in Sources */ = {isa = PBXBuildFile; fileRef = 0DE41DCE1F97127700AC2E89 /* Cities.swift */; };
		0DE41DD11F97132900AC2E89 /* PlaceItem.swift in Sources */ = {isa = PBXBuildFile; fileRef = 0DE41DD01F97132900AC2E89 /* PlaceItem.swift */; };
		0DE41DD51F9715AD00AC2E89 /* Categories.swift in Sources */ = {isa = PBXBuildFile; fileRef = 0DE41DD41F9715AD00AC2E89 /* Categories.swift */; };
		0DE41DD81F97188400AC2E89 /* FoodyService.swift in Sources */ = {isa = PBXBuildFile; fileRef = 0DE41DD71F97188400AC2E89 /* FoodyService.swift */; };
		0DE41DDB1F97197700AC2E89 /* Queue.swift in Sources */ = {isa = PBXBuildFile; fileRef = 0DE41DDA1F97197700AC2E89 /* Queue.swift */; };
		0DE41DDE1F97304900AC2E89 /* FoodyApiRequest.swift in Sources */ = {isa = PBXBuildFile; fileRef = 0DE41DDD1F97304900AC2E89 /* FoodyApiRequest.swift */; };
		0DE41DE01F9730E200AC2E89 /* ApiRequest.swift in Sources */ = {isa = PBXBuildFile; fileRef = 0DE41DDF1F9730E200AC2E89 /* ApiRequest.swift */; };
		0DE41DE31F9742BB00AC2E89 /* ParseHelper.swift in Sources */ = {isa = PBXBuildFile; fileRef = 0DE41DE21F9742BB00AC2E89 /* ParseHelper.swift */; };
		0DE41DE51F974B2D00AC2E89 /* FoodyFoodAtBinhDuongService.swift in Sources */ = {isa = PBXBuildFile; fileRef = 0DE41DE41F974B2D00AC2E89 /* FoodyFoodAtBinhDuongService.swift */; };
		0DE41DE71F98827100AC2E89 /* ApplicationService.swift in Sources */ = {isa = PBXBuildFile; fileRef = 0DE41DE61F98827100AC2E89 /* ApplicationService.swift */; };
		0DE41DE91F98851C00AC2E89 /* DefaultApplicationService.swift in Sources */ = {isa = PBXBuildFile; fileRef = 0DE41DE81F98851C00AC2E89 /* DefaultApplicationService.swift */; };
		0DE41DEB1F988B0400AC2E89 /* ExportService.swift in Sources */ = {isa = PBXBuildFile; fileRef = 0DE41DEA1F988B0400AC2E89 /* ExportService.swift */; };
		0DE41DED1F988B1C00AC2E89 /* CSVExportService.swift in Sources */ = {isa = PBXBuildFile; fileRef = 0DE41DEC1F988B1C00AC2E89 /* CSVExportService.swift */; };
		0DE41DF01F989DDC00AC2E89 /* Int+Random.swift in Sources */ = {isa = PBXBuildFile; fileRef = 0DE41DEF1F989DDC00AC2E89 /* Int+Random.swift */; };
		C7E9183983C3AEA6D2F2EEB4 /* Pods_FoodyCrawler.framework in Frameworks */ = {isa = PBXBuildFile; fileRef = FE7A31425DD3DA7C295F374C /* Pods_FoodyCrawler.framework */; };
/* End PBXBuildFile section */

/* Begin PBXFileReference section */
		0DBEF1861F95D0A00019A5C0 /* FoodyCrawler.app */ = {isa = PBXFileReference; explicitFileType = wrapper.application; includeInIndex = 0; path = FoodyCrawler.app; sourceTree = BUILT_PRODUCTS_DIR; };
		0DBEF1891F95D0A00019A5C0 /* AppDelegate.swift */ = {isa = PBXFileReference; lastKnownFileType = sourcecode.swift; path = AppDelegate.swift; sourceTree = "<group>"; };
		0DBEF18B1F95D0A00019A5C0 /* ViewController.swift */ = {isa = PBXFileReference; lastKnownFileType = sourcecode.swift; path = ViewController.swift; sourceTree = "<group>"; };
		0DBEF18D1F95D0A00019A5C0 /* Assets.xcassets */ = {isa = PBXFileReference; lastKnownFileType = folder.assetcatalog; path = Assets.xcassets; sourceTree = "<group>"; };
		0DBEF1901F95D0A00019A5C0 /* Base */ = {isa = PBXFileReference; lastKnownFileType = file.storyboard; name = Base; path = Base.lproj/Main.storyboard; sourceTree = "<group>"; };
		0DBEF1921F95D0A00019A5C0 /* Info.plist */ = {isa = PBXFileReference; lastKnownFileType = text.plist.xml; path = Info.plist; sourceTree = "<group>"; };
		0DE41DCC1F970F8200AC2E89 /* PlacesList.swift */ = {isa = PBXFileReference; fileEncoding = 4; lastKnownFileType = sourcecode.swift; path = PlacesList.swift; sourceTree = "<group>"; };
		0DE41DCE1F97127700AC2E89 /* Cities.swift */ = {isa = PBXFileReference; fileEncoding = 4; lastKnownFileType = sourcecode.swift; path = Cities.swift; sourceTree = "<group>"; };
		0DE41DD01F97132900AC2E89 /* PlaceItem.swift */ = {isa = PBXFileReference; fileEncoding = 4; lastKnownFileType = sourcecode.swift; path = PlaceItem.swift; sourceTree = "<group>"; };
		0DE41DD41F9715AD00AC2E89 /* Categories.swift */ = {isa = PBXFileReference; fileEncoding = 4; lastKnownFileType = sourcecode.swift; path = Categories.swift; sourceTree = "<group>"; };
		0DE41DD71F97188400AC2E89 /* FoodyService.swift */ = {isa = PBXFileReference; fileEncoding = 4; lastKnownFileType = sourcecode.swift; path = FoodyService.swift; sourceTree = "<group>"; };
		0DE41DDA1F97197700AC2E89 /* Queue.swift */ = {isa = PBXFileReference; fileEncoding = 4; lastKnownFileType = sourcecode.swift; path = Queue.swift; sourceTree = "<group>"; };
		0DE41DDD1F97304900AC2E89 /* FoodyApiRequest.swift */ = {isa = PBXFileReference; fileEncoding = 4; lastKnownFileType = sourcecode.swift; path = FoodyApiRequest.swift; sourceTree = "<group>"; };
		0DE41DDF1F9730E200AC2E89 /* ApiRequest.swift */ = {isa = PBXFileReference; fileEncoding = 4; lastKnownFileType = sourcecode.swift; path = ApiRequest.swift; sourceTree = "<group>"; };
		0DE41DE21F9742BB00AC2E89 /* ParseHelper.swift */ = {isa = PBXFileReference; fileEncoding = 4; lastKnownFileType = sourcecode.swift; path = ParseHelper.swift; sourceTree = "<group>"; };
		0DE41DE41F974B2D00AC2E89 /* FoodyFoodAtBinhDuongService.swift */ = {isa = PBXFileReference; fileEncoding = 4; lastKnownFileType = sourcecode.swift; path = FoodyFoodAtBinhDuongService.swift; sourceTree = "<group>"; };
		0DE41DE61F98827100AC2E89 /* ApplicationService.swift */ = {isa = PBXFileReference; fileEncoding = 4; lastKnownFileType = sourcecode.swift; path = ApplicationService.swift; sourceTree = "<group>"; };
		0DE41DE81F98851C00AC2E89 /* DefaultApplicationService.swift */ = {isa = PBXFileReference; fileEncoding = 4; lastKnownFileType = sourcecode.swift; path = DefaultApplicationService.swift; sourceTree = "<group>"; };
		0DE41DEA1F988B0400AC2E89 /* ExportService.swift */ = {isa = PBXFileReference; fileEncoding = 4; lastKnownFileType = sourcecode.swift; path = ExportService.swift; sourceTree = "<group>"; };
		0DE41DEC1F988B1C00AC2E89 /* CSVExportService.swift */ = {isa = PBXFileReference; fileEncoding = 4; lastKnownFileType = sourcecode.swift; path = CSVExportService.swift; sourceTree = "<group>"; };
		0DE41DEF1F989DDC00AC2E89 /* Int+Random.swift */ = {isa = PBXFileReference; fileEncoding = 4; lastKnownFileType = sourcecode.swift; path = "Int+Random.swift"; sourceTree = "<group>"; };
		B843D0EB0B9E1E864041CAD9 /* Pods-FoodyCrawler.debug.xcconfig */ = {isa = PBXFileReference; includeInIndex = 1; lastKnownFileType = text.xcconfig; name = "Pods-FoodyCrawler.debug.xcconfig"; path = "Pods/Target Support Files/Pods-FoodyCrawler/Pods-FoodyCrawler.debug.xcconfig"; sourceTree = "<group>"; };
		FBE06331715CFC7575E889A7 /* Pods-FoodyCrawler.release.xcconfig */ = {isa = PBXFileReference; includeInIndex = 1; lastKnownFileType = text.xcconfig; name = "Pods-FoodyCrawler.release.xcconfig"; path = "Pods/Target Support Files/Pods-FoodyCrawler/Pods-FoodyCrawler.release.xcconfig"; sourceTree = "<group>"; };
		FE7A31425DD3DA7C295F374C /* Pods_FoodyCrawler.framework */ = {isa = PBXFileReference; explicitFileType = wrapper.framework; includeInIndex = 0; path = Pods_FoodyCrawler.framework; sourceTree = BUILT_PRODUCTS_DIR; };
/* End PBXFileReference section */

/* Begin PBXFrameworksBuildPhase section */
		0DBEF1831F95D0A00019A5C0 /* Frameworks */ = {
			isa = PBXFrameworksBuildPhase;
			buildActionMask = 2147483647;
			files = (
				C7E9183983C3AEA6D2F2EEB4 /* Pods_FoodyCrawler.framework in Frameworks */,
			);
			runOnlyForDeploymentPostprocessing = 0;
		};
/* End PBXFrameworksBuildPhase section */

/* Begin PBXGroup section */
		0B444245B3B80BDF9A2A40F4 /* Frameworks */ = {
			isa = PBXGroup;
			children = (
				FE7A31425DD3DA7C295F374C /* Pods_FoodyCrawler.framework */,
			);
			name = Frameworks;
			sourceTree = "<group>";
		};
		0DBEF17D1F95D0A00019A5C0 = {
			isa = PBXGroup;
			children = (
				0DBEF1881F95D0A00019A5C0 /* FoodyCrawler */,
				0DBEF1871F95D0A00019A5C0 /* Products */,
				70866633B7CE472A32D43A34 /* Pods */,
				0B444245B3B80BDF9A2A40F4 /* Frameworks */,
			);
			sourceTree = "<group>";
		};
		0DBEF1871F95D0A00019A5C0 /* Products */ = {
			isa = PBXGroup;
			children = (
				0DBEF1861F95D0A00019A5C0 /* FoodyCrawler.app */,
			);
			name = Products;
			sourceTree = "<group>";
		};
		0DBEF1881F95D0A00019A5C0 /* FoodyCrawler */ = {
			isa = PBXGroup;
			children = (
				0DE41DEE1F989DC800AC2E89 /* Extensions */,
				0DE41DE11F9742A900AC2E89 /* Helpers */,
				0DE41DDC1F972E1800AC2E89 /* Networks */,
				0DE41DD91F97193D00AC2E89 /* DataTypes */,
				0DE41DD61F97185300AC2E89 /* Services */,
				0DE41DCB1F970DA200AC2E89 /* Models */,
				0DBEF1891F95D0A00019A5C0 /* AppDelegate.swift */,
				0DBEF18B1F95D0A00019A5C0 /* ViewController.swift */,
				0DBEF18D1F95D0A00019A5C0 /* Assets.xcassets */,
				0DBEF18F1F95D0A00019A5C0 /* Main.storyboard */,
				0DBEF1921F95D0A00019A5C0 /* Info.plist */,
			);
			path = FoodyCrawler;
			sourceTree = "<group>";
		};
		0DE41DCB1F970DA200AC2E89 /* Models */ = {
			isa = PBXGroup;
			children = (
				0DE41DCC1F970F8200AC2E89 /* PlacesList.swift */,
				0DE41DCE1F97127700AC2E89 /* Cities.swift */,
				0DE41DD01F97132900AC2E89 /* PlaceItem.swift */,
				0DE41DD41F9715AD00AC2E89 /* Categories.swift */,
			);
			name = Models;
			path = Model;
			sourceTree = "<group>";
		};
		0DE41DD61F97185300AC2E89 /* Services */ = {
			isa = PBXGroup;
			children = (
				0DE41DD71F97188400AC2E89 /* FoodyService.swift */,
				0DE41DE41F974B2D00AC2E89 /* FoodyFoodAtBinhDuongService.swift */,
				0DE41DE61F98827100AC2E89 /* ApplicationService.swift */,
				0DE41DE81F98851C00AC2E89 /* DefaultApplicationService.swift */,
				0DE41DEA1F988B0400AC2E89 /* ExportService.swift */,
				0DE41DEC1F988B1C00AC2E89 /* CSVExportService.swift */,
			);
			path = Services;
			sourceTree = "<group>";
		};
		0DE41DD91F97193D00AC2E89 /* DataTypes */ = {
			isa = PBXGroup;
			children = (
				0DE41DDA1F97197700AC2E89 /* Queue.swift */,
			);
			path = DataTypes;
			sourceTree = "<group>";
		};
		0DE41DDC1F972E1800AC2E89 /* Networks */ = {
			isa = PBXGroup;
			children = (
				0DE41DDD1F97304900AC2E89 /* FoodyApiRequest.swift */,
				0DE41DDF1F9730E200AC2E89 /* ApiRequest.swift */,
			);
			path = Networks;
			sourceTree = "<group>";
		};
		0DE41DE11F9742A900AC2E89 /* Helpers */ = {
			isa = PBXGroup;
			children = (
				0DE41DE21F9742BB00AC2E89 /* ParseHelper.swift */,
			);
			path = Helpers;
			sourceTree = "<group>";
		};
		0DE41DEE1F989DC800AC2E89 /* Extensions */ = {
			isa = PBXGroup;
			children = (
				0DE41DEF1F989DDC00AC2E89 /* Int+Random.swift */,
			);
			path = Extensions;
			sourceTree = "<group>";
		};
		70866633B7CE472A32D43A34 /* Pods */ = {
			isa = PBXGroup;
			children = (
				B843D0EB0B9E1E864041CAD9 /* Pods-FoodyCrawler.debug.xcconfig */,
				FBE06331715CFC7575E889A7 /* Pods-FoodyCrawler.release.xcconfig */,
			);
			name = Pods;
			sourceTree = "<group>";
		};
/* End PBXGroup section */

/* Begin PBXNativeTarget section */
		0DBEF1851F95D0A00019A5C0 /* FoodyCrawler */ = {
			isa = PBXNativeTarget;
			buildConfigurationList = 0DBEF1951F95D0A00019A5C0 /* Build configuration list for PBXNativeTarget "FoodyCrawler" */;
			buildPhases = (
				AD2D386CB1807C2977B8F777 /* [CP] Check Pods Manifest.lock */,
				0DBEF1821F95D0A00019A5C0 /* Sources */,
				0DBEF1831F95D0A00019A5C0 /* Frameworks */,
				0DBEF1841F95D0A00019A5C0 /* Resources */,
				4CC3FAE0C9CDB8B1D5216E70 /* [CP] Embed Pods Frameworks */,
				2333B89F874291A1FBBEE9E2 /* [CP] Copy Pods Resources */,
			);
			buildRules = (
			);
			dependencies = (
			);
			name = FoodyCrawler;
			productName = FoodyCrawler;
			productReference = 0DBEF1861F95D0A00019A5C0 /* FoodyCrawler.app */;
			productType = "com.apple.product-type.application";
		};
/* End PBXNativeTarget section */

/* Begin PBXProject section */
		0DBEF17E1F95D0A00019A5C0 /* Project object */ = {
			isa = PBXProject;
			attributes = {
				LastSwiftUpdateCheck = 0830;
				LastUpgradeCheck = 0830;
				ORGANIZATIONNAME = "Trong Cuong Doan";
				TargetAttributes = {
					0DBEF1851F95D0A00019A5C0 = {
						CreatedOnToolsVersion = 8.3.3;
						ProvisioningStyle = Automatic;
					};
				};
			};
			buildConfigurationList = 0DBEF1811F95D0A00019A5C0 /* Build configuration list for PBXProject "FoodyCrawler" */;
			compatibilityVersion = "Xcode 3.2";
			developmentRegion = English;
			hasScannedForEncodings = 0;
			knownRegions = (
				en,
				Base,
			);
			mainGroup = 0DBEF17D1F95D0A00019A5C0;
			productRefGroup = 0DBEF1871F95D0A00019A5C0 /* Products */;
			projectDirPath = "";
			projectRoot = "";
			targets = (
				0DBEF1851F95D0A00019A5C0 /* FoodyCrawler */,
			);
		};
/* End PBXProject section */

/* Begin PBXResourcesBuildPhase section */
		0DBEF1841F95D0A00019A5C0 /* Resources */ = {
			isa = PBXResourcesBuildPhase;
			buildActionMask = 2147483647;
			files = (
				0DBEF18E1F95D0A00019A5C0 /* Assets.xcassets in Resources */,
				0DBEF1911F95D0A00019A5C0 /* Main.storyboard in Resources */,
			);
			runOnlyForDeploymentPostprocessing = 0;
		};
/* End PBXResourcesBuildPhase section */

/* Begin PBXShellScriptBuildPhase section */
		2333B89F874291A1FBBEE9E2 /* [CP] Copy Pods Resources */ = {
			isa = PBXShellScriptBuildPhase;
			buildActionMask = 2147483647;
			files = (
			);
			inputPaths = (
			);
			name = "[CP] Copy Pods Resources";
			outputPaths = (
			);
			runOnlyForDeploymentPostprocessing = 0;
			shellPath = /bin/sh;
			shellScript = "\"${SRCROOT}/Pods/Target Support Files/Pods-FoodyCrawler/Pods-FoodyCrawler-resources.sh\"\n";
			showEnvVarsInLog = 0;
		};
		4CC3FAE0C9CDB8B1D5216E70 /* [CP] Embed Pods Frameworks */ = {
			isa = PBXShellScriptBuildPhase;
			buildActionMask = 2147483647;
			files = (
			);
			inputPaths = (
			);
			name = "[CP] Embed Pods Frameworks";
			outputPaths = (
			);
			runOnlyForDeploymentPostprocessing = 0;
			shellPath = /bin/sh;
			shellScript = "\"${SRCROOT}/Pods/Target Support Files/Pods-FoodyCrawler/Pods-FoodyCrawler-frameworks.sh\"\n";
			showEnvVarsInLog = 0;
		};
		AD2D386CB1807C2977B8F777 /* [CP] Check Pods Manifest.lock */ = {
			isa = PBXShellScriptBuildPhase;
			buildActionMask = 2147483647;
			files = (
			);
			inputPaths = (
			);
			name = "[CP] Check Pods Manifest.lock";
			outputPaths = (
			);
			runOnlyForDeploymentPostprocessing = 0;
			shellPath = /bin/sh;
			shellScript = "diff \"${PODS_ROOT}/../Podfile.lock\" \"${PODS_ROOT}/Manifest.lock\" > /dev/null\nif [ $? != 0 ] ; then\n    # print error to STDERR\n    echo \"error: The sandbox is not in sync with the Podfile.lock. Run 'pod install' or update your CocoaPods installation.\" >&2\n    exit 1\nfi\n";
			showEnvVarsInLog = 0;
		};
/* End PBXShellScriptBuildPhase section */

/* Begin PBXSourcesBuildPhase section */
		0DBEF1821F95D0A00019A5C0 /* Sources */ = {
			isa = PBXSourcesBuildPhase;
			buildActionMask = 2147483647;
			files = (
				0DE41DED1F988B1C00AC2E89 /* CSVExportService.swift in Sources */,
				0DE41DD11F97132900AC2E89 /* PlaceItem.swift in Sources */,
				0DE41DCF1F97127700AC2E89 /* Cities.swift in Sources */,
				0DBEF18C1F95D0A00019A5C0 /* ViewController.swift in Sources */,
				0DE41DDB1F97197700AC2E89 /* Queue.swift in Sources */,
				0DE41DCD1F970F8200AC2E89 /* PlacesList.swift in Sources */,
				0DE41DD81F97188400AC2E89 /* FoodyService.swift in Sources */,
				0DBEF18A1F95D0A00019A5C0 /* AppDelegate.swift in Sources */,
				0DE41DE51F974B2D00AC2E89 /* FoodyFoodAtBinhDuongService.swift in Sources */,
				0DE41DD51F9715AD00AC2E89 /* Categories.swift in Sources */,
				0DE41DEB1F988B0400AC2E89 /* ExportService.swift in Sources */,
				0DE41DF01F989DDC00AC2E89 /* Int+Random.swift in Sources */,
				0DE41DE71F98827100AC2E89 /* ApplicationService.swift in Sources */,
				0DE41DE31F9742BB00AC2E89 /* ParseHelper.swift in Sources */,
				0DE41DE01F9730E200AC2E89 /* ApiRequest.swift in Sources */,
				0DE41DE91F98851C00AC2E89 /* DefaultApplicationService.swift in Sources */,
				0DE41DDE1F97304900AC2E89 /* FoodyApiRequest.swift in Sources */,
			);
			runOnlyForDeploymentPostprocessing = 0;
		};
/* End PBXSourcesBuildPhase section */

/* Begin PBXVariantGroup section */
		0DBEF18F1F95D0A00019A5C0 /* Main.storyboard */ = {
			isa = PBXVariantGroup;
			children = (
				0DBEF1901F95D0A00019A5C0 /* Base */,
			);
			name = Main.storyboard;
			sourceTree = "<group>";
		};
/* End PBXVariantGroup section */

/* Begin XCBuildConfiguration section */
		0DBEF1931F95D0A00019A5C0 /* Debug */ = {
			isa = XCBuildConfiguration;
			buildSettings = {
				ALWAYS_SEARCH_USER_PATHS = NO;
				CLANG_ANALYZER_NONNULL = YES;
				CLANG_ANALYZER_NUMBER_OBJECT_CONVERSION = YES_AGGRESSIVE;
				CLANG_CXX_LANGUAGE_STANDARD = "gnu++0x";
				CLANG_CXX_LIBRARY = "libc++";
				CLANG_ENABLE_MODULES = YES;
				CLANG_ENABLE_OBJC_ARC = YES;
				CLANG_WARN_BOOL_CONVERSION = YES;
				CLANG_WARN_CONSTANT_CONVERSION = YES;
				CLANG_WARN_DIRECT_OBJC_ISA_USAGE = YES_ERROR;
				CLANG_WARN_DOCUMENTATION_COMMENTS = YES;
				CLANG_WARN_EMPTY_BODY = YES;
				CLANG_WARN_ENUM_CONVERSION = YES;
				CLANG_WARN_INFINITE_RECURSION = YES;
				CLANG_WARN_INT_CONVERSION = YES;
				CLANG_WARN_OBJC_ROOT_CLASS = YES_ERROR;
				CLANG_WARN_SUSPICIOUS_MOVE = YES;
				CLANG_WARN_UNREACHABLE_CODE = YES;
				CLANG_WARN__DUPLICATE_METHOD_MATCH = YES;
				CODE_SIGN_IDENTITY = "-";
				COPY_PHASE_STRIP = NO;
				DEBUG_INFORMATION_FORMAT = dwarf;
				ENABLE_STRICT_OBJC_MSGSEND = YES;
				ENABLE_TESTABILITY = YES;
				GCC_C_LANGUAGE_STANDARD = gnu99;
				GCC_DYNAMIC_NO_PIC = NO;
				GCC_NO_COMMON_BLOCKS = YES;
				GCC_OPTIMIZATION_LEVEL = 0;
				GCC_PREPROCESSOR_DEFINITIONS = (
					"DEBUG=1",
					"$(inherited)",
				);
				GCC_WARN_64_TO_32_BIT_CONVERSION = YES;
				GCC_WARN_ABOUT_RETURN_TYPE = YES_ERROR;
				GCC_WARN_UNDECLARED_SELECTOR = YES;
				GCC_WARN_UNINITIALIZED_AUTOS = YES_AGGRESSIVE;
				GCC_WARN_UNUSED_FUNCTION = YES;
				GCC_WARN_UNUSED_VARIABLE = YES;
				MACOSX_DEPLOYMENT_TARGET = 10.12;
				MTL_ENABLE_DEBUG_INFO = YES;
				ONLY_ACTIVE_ARCH = YES;
				SDKROOT = macosx;
				SWIFT_ACTIVE_COMPILATION_CONDITIONS = DEBUG;
				SWIFT_OPTIMIZATION_LEVEL = "-Onone";
			};
			name = Debug;
		};
		0DBEF1941F95D0A00019A5C0 /* Release */ = {
			isa = XCBuildConfiguration;
			buildSettings = {
				ALWAYS_SEARCH_USER_PATHS = NO;
				CLANG_ANALYZER_NONNULL = YES;
				CLANG_ANALYZER_NUMBER_OBJECT_CONVERSION = YES_AGGRESSIVE;
				CLANG_CXX_LANGUAGE_STANDARD = "gnu++0x";
				CLANG_CXX_LIBRARY = "libc++";
				CLANG_ENABLE_MODULES = YES;
				CLANG_ENABLE_OBJC_ARC = YES;
				CLANG_WARN_BOOL_CONVERSION = YES;
				CLANG_WARN_CONSTANT_CONVERSION = YES;
				CLANG_WARN_DIRECT_OBJC_ISA_USAGE = YES_ERROR;
				CLANG_WARN_DOCUMENTATION_COMMENTS = YES;
				CLANG_WARN_EMPTY_BODY = YES;
				CLANG_WARN_ENUM_CONVERSION = YES;
				CLANG_WARN_INFINITE_RECURSION = YES;
				CLANG_WARN_INT_CONVERSION = YES;
				CLANG_WARN_OBJC_ROOT_CLASS = YES_ERROR;
				CLANG_WARN_SUSPICIOUS_MOVE = YES;
				CLANG_WARN_UNREACHABLE_CODE = YES;
				CLANG_WARN__DUPLICATE_METHOD_MATCH = YES;
				CODE_SIGN_IDENTITY = "-";
				COPY_PHASE_STRIP = NO;
				DEBUG_INFORMATION_FORMAT = "dwarf-with-dsym";
				ENABLE_NS_ASSERTIONS = NO;
				ENABLE_STRICT_OBJC_MSGSEND = YES;
				GCC_C_LANGUAGE_STANDARD = gnu99;
				GCC_NO_COMMON_BLOCKS = YES;
				GCC_WARN_64_TO_32_BIT_CONVERSION = YES;
				GCC_WARN_ABOUT_RETURN_TYPE = YES_ERROR;
				GCC_WARN_UNDECLARED_SELECTOR = YES;
				GCC_WARN_UNINITIALIZED_AUTOS = YES_AGGRESSIVE;
				GCC_WARN_UNUSED_FUNCTION = YES;
				GCC_WARN_UNUSED_VARIABLE = YES;
				MACOSX_DEPLOYMENT_TARGET = 10.12;
				MTL_ENABLE_DEBUG_INFO = NO;
				SDKROOT = macosx;
				SWIFT_OPTIMIZATION_LEVEL = "-Owholemodule";
			};
			name = Release;
		};
		0DBEF1961F95D0A00019A5C0 /* Debug */ = {
			isa = XCBuildConfiguration;
			baseConfigurationReference = B843D0EB0B9E1E864041CAD9 /* Pods-FoodyCrawler.debug.xcconfig */;
			buildSettings = {
				ASSETCATALOG_COMPILER_APPICON_NAME = AppIcon;
				COMBINE_HIDPI_IMAGES = YES;
				INFOPLIST_FILE = FoodyCrawler/Info.plist;
				LD_RUNPATH_SEARCH_PATHS = "$(inherited) @executable_path/../Frameworks";
				PRODUCT_BUNDLE_IDENTIFIER = com.test.FoodyCrawler;
				PRODUCT_NAME = "$(TARGET_NAME)";
				SWIFT_VERSION = 3.0;
			};
			name = Debug;
		};
		0DBEF1971F95D0A00019A5C0 /* Release */ = {
			isa = XCBuildConfiguration;
			baseConfigurationReference = FBE06331715CFC7575E889A7 /* Pods-FoodyCrawler.release.xcconfig */;
			buildSettings = {
				ASSETCATALOG_COMPILER_APPICON_NAME = AppIcon;
				COMBINE_HIDPI_IMAGES = YES;
				INFOPLIST_FILE = FoodyCrawler/Info.plist;
				LD_RUNPATH_SEARCH_PATHS = "$(inherited) @executable_path/../Frameworks";
				PRODUCT_BUNDLE_IDENTIFIER = com.test.FoodyCrawler;
				PRODUCT_NAME = "$(TARGET_NAME)";
				SWIFT_VERSION = 3.0;
			};
			name = Release;
		};
/* End XCBuildConfiguration section */

/* Begin XCConfigurationList section */
		0DBEF1811F95D0A00019A5C0 /* Build configuration list for PBXProject "FoodyCrawler" */ = {
			isa = XCConfigurationList;
			buildConfigurations = (
				0DBEF1931F95D0A00019A5C0 /* Debug */,
				0DBEF1941F95D0A00019A5C0 /* Release */,
			);
			defaultConfigurationIsVisible = 0;
			defaultConfigurationName = Release;
		};
		0DBEF1951F95D0A00019A5C0 /* Build configuration list for PBXNativeTarget "FoodyCrawler" */ = {
			isa = XCConfigurationList;
			buildConfigurations = (
				0DBEF1961F95D0A00019A5C0 /* Debug */,
				0DBEF1971F95D0A00019A5C0 /* Release */,
			);
			defaultConfigurationIsVisible = 0;
			defaultConfigurationName = Release;
		};
/* End XCConfigurationList section */
	};
	rootObject = 0DBEF17E1F95D0A00019A5C0 /* Project object */;
}
